
Microsoft Visual Studio Solution File, Format Version 12.00
# Visual Studio Version 17
VisualStudioVersion = 17.14.37203.1 d17.14
MinimumVisualStudioVersion = 10.0.40219.1
Project("{FAE04EC0-301F-11D3-BF4B-00C04F79EFBC}") = "Сапёр", "Сапёр\Сапёр.csproj", "{C85385E3-E2E4-4B41-9C3C-9DEF5E294519}"
EndProject
Global
	GlobalSection(SolutionConfigurationPlatforms) = preSolution
		Debug|Any CPU = Debug|Any CPU
		Release|Any CPU = Release|Any CPU
	EndGlobalSection
	GlobalSection(ProjectConfigurationPlatforms) = postSolution
		{C85385E3-E2E4-4B41-9C3C-9DEF5E294519}.Debug|Any CPU.ActiveCfg = Debug|Any CPU
		{C85385E3-E2E4-4B41-9C3C-9DEF5E294519}.Debug|Any CPU.Build.0 = Debug|Any CPU
		{C85385E3-E2E4-4B41-9C3C-9DEF5E294519}.Release|Any CPU.ActiveCfg = Release|Any CPU
		{C85385E3-E2E4-4B41-9C3C-9DEF5E294519}.Release|Any CPU.Build.0 = Release|Any CPU
	EndGlobalSection
	GlobalSection(SolutionProperties) = preSolution
		HideSolutionNode = FALSE
	EndGlobalSection
	GlobalSection(ExtensibilityGlobals) = postSolution
		SolutionGuid = {8496A871-DE0B-4700-8439-4775F424EF0A}
	EndGlobalSection
EndGlobal
